// !$*UTF8*$!
{
	archiveVersion = 1;
	classes = {
	};
	objectVersion = 50;
	objects = {

/* Begin PBXBuildFile section */
		02394B3725E04B5600FF34A2 /* AppDelegate.swift in Sources */ = {isa = PBXBuildFile; fileRef = 02394B3625E04B5600FF34A2 /* AppDelegate.swift */; };
		02394B3925E04B5600FF34A2 /* SceneDelegate.swift in Sources */ = {isa = PBXBuildFile; fileRef = 02394B3825E04B5600FF34A2 /* SceneDelegate.swift */; };
		02394B3B25E04B5600FF34A2 /* ViewController.swift in Sources */ = {isa = PBXBuildFile; fileRef = 02394B3A25E04B5600FF34A2 /* ViewController.swift */; };
		02394B3E25E04B5600FF34A2 /* Main.storyboard in Resources */ = {isa = PBXBuildFile; fileRef = 02394B3C25E04B5600FF34A2 /* Main.storyboard */; };
		02394B4125E04B5600FF34A2 /* OrderModel.xcdatamodeld in Sources */ = {isa = PBXBuildFile; fileRef = 02394B3F25E04B5600FF34A2 /* OrderModel.xcdatamodeld */; };
		02394B4325E04B5700FF34A2 /* Assets.xcassets in Resources */ = {isa = PBXBuildFile; fileRef = 02394B4225E04B5700FF34A2 /* Assets.xcassets */; };
		02394B5125E082FC00FF34A2 /* Order.swift in Sources */ = {isa = PBXBuildFile; fileRef = 02394B5025E082FC00FF34A2 /* Order.swift */; };
		02394B5B25E0D49500FF34A2 /* TableView.swift in Sources */ = {isa = PBXBuildFile; fileRef = 02394B5A25E0D49500FF34A2 /* TableView.swift */; };
		02394B5E25E0D4D400FF34A2 /* CellView.swift in Sources */ = {isa = PBXBuildFile; fileRef = 02394B5D25E0D4D400FF34A2 /* CellView.swift */; };
		1B5CE43426106929008B5EED /* DatabaseHelper.swift in Sources */ = {isa = PBXBuildFile; fileRef = 1B5CE43326106929008B5EED /* DatabaseHelper.swift */; };
/* End PBXBuildFile section */

/* Begin PBXFileReference section */
		02394B3325E04B5600FF34A2 /* Assignment2.app */ = {isa = PBXFileReference; explicitFileType = wrapper.application; includeInIndex = 0; path = Assignment2.app; sourceTree = BUILT_PRODUCTS_DIR; };
		02394B3625E04B5600FF34A2 /* AppDelegate.swift */ = {isa = PBXFileReference; lastKnownFileType = sourcecode.swift; path = AppDelegate.swift; sourceTree = "<group>"; };
		02394B3825E04B5600FF34A2 /* SceneDelegate.swift */ = {isa = PBXFileReference; lastKnownFileType = sourcecode.swift; path = SceneDelegate.swift; sourceTree = "<group>"; };
		02394B3A25E04B5600FF34A2 /* ViewController.swift */ = {isa = PBXFileReference; lastKnownFileType = sourcecode.swift; path = ViewController.swift; sourceTree = "<group>"; };
		02394B3D25E04B5600FF34A2 /* Base */ = {isa = PBXFileReference; lastKnownFileType = file.storyboard; name = Base; path = Base.lproj/Main.storyboard; sourceTree = "<group>"; };
		02394B4025E04B5600FF34A2 /* Assignment2.xcdatamodel */ = {isa = PBXFileReference; lastKnownFileType = wrapper.xcdatamodel; path = Assignment2.xcdatamodel; sourceTree = "<group>"; };
		02394B4225E04B5700FF34A2 /* Assets.xcassets */ = {isa = PBXFileReference; lastKnownFileType = folder.assetcatalog; path = Assets.xcassets; sourceTree = "<group>"; };
		02394B4725E04B5700FF34A2 /* Info.plist */ = {isa = PBXFileReference; lastKnownFileType = text.plist.xml; path = Info.plist; sourceTree = "<group>"; };
		02394B5025E082FC00FF34A2 /* Order.swift */ = {isa = PBXFileReference; lastKnownFileType = sourcecode.swift; path = Order.swift; sourceTree = "<group>"; };
		02394B5A25E0D49500FF34A2 /* TableView.swift */ = {isa = PBXFileReference; lastKnownFileType = sourcecode.swift; path = TableView.swift; sourceTree = "<group>"; };
		02394B5D25E0D4D400FF34A2 /* CellView.swift */ = {isa = PBXFileReference; lastKnownFileType = sourcecode.swift; path = CellView.swift; sourceTree = "<group>"; };
		1B5CE43326106929008B5EED /* DatabaseHelper.swift */ = {isa = PBXFileReference; lastKnownFileType = sourcecode.swift; path = DatabaseHelper.swift; sourceTree = "<group>"; };
/* End PBXFileReference section */

/* Begin PBXFrameworksBuildPhase section */
		02394B3025E04B5600FF34A2 /* Frameworks */ = {
			isa = PBXFrameworksBuildPhase;
			buildActionMask = 2147483647;
			files = (
			);
			runOnlyForDeploymentPostprocessing = 0;
		};
/* End PBXFrameworksBuildPhase section */

/* Begin PBXGroup section */
		02394B2A25E04B5600FF34A2 = {
			isa = PBXGroup;
			children = (
				02394B3525E04B5600FF34A2 /* Assignment2 */,
				02394B3425E04B5600FF34A2 /* Products */,
			);
			sourceTree = "<group>";
		};
		02394B3425E04B5600FF34A2 /* Products */ = {
			isa = PBXGroup;
			children = (
				02394B3325E04B5600FF34A2 /* Assignment2.app */,
			);
			name = Products;
			sourceTree = "<group>";
		};
		02394B3525E04B5600FF34A2 /* Assignment2 */ = {
			isa = PBXGroup;
			children = (
				1B5CE4322610685D008B5EED /* views */,
				1B5CE4312610684F008B5EED /* models */,
				1B5CE43026106835008B5EED /* controllers */,
				02394B3625E04B5600FF34A2 /* AppDelegate.swift */,
				02394B3825E04B5600FF34A2 /* SceneDelegate.swift */,
				02394B3C25E04B5600FF34A2 /* Main.storyboard */,
				02394B4225E04B5700FF34A2 /* Assets.xcassets */,
				02394B4725E04B5700FF34A2 /* Info.plist */,
			);
			path = Assignment2;
			sourceTree = "<group>";
		};
		1B5CE43026106835008B5EED /* controllers */ = {
			isa = PBXGroup;
			children = (
				1B5CE43326106929008B5EED /* DatabaseHelper.swift */,
			);
			path = controllers;
			sourceTree = "<group>";
		};
		1B5CE4312610684F008B5EED /* models */ = {
			isa = PBXGroup;
			children = (
				02394B5025E082FC00FF34A2 /* Order.swift */,
				02394B3F25E04B5600FF34A2 /* OrderModel.xcdatamodeld */,
			);
			path = models;
			sourceTree = "<group>";
		};
		1B5CE4322610685D008B5EED /* views */ = {
			isa = PBXGroup;
			children = (
				02394B5A25E0D49500FF34A2 /* TableView.swift */,
				02394B5D25E0D4D400FF34A2 /* CellView.swift */,
				02394B3A25E04B5600FF34A2 /* ViewController.swift */,
			);
			path = views;
			sourceTree = "<group>";
		};
/* End PBXGroup section */

/* Begin PBXNativeTarget section */
		02394B3225E04B5600FF34A2 /* Assignment2 */ = {
			isa = PBXNativeTarget;
			buildConfigurationList = 02394B4A25E04B5700FF34A2 /* Build configuration list for PBXNativeTarget "Assignment2" */;
			buildPhases = (
				02394B2F25E04B5600FF34A2 /* Sources */,
				02394B3025E04B5600FF34A2 /* Frameworks */,
				02394B3125E04B5600FF34A2 /* Resources */,
			);
			buildRules = (
			);
			dependencies = (
			);
			name = Assignment2;
			productName = Assignment2;
			productReference = 02394B3325E04B5600FF34A2 /* Assignment2.app */;
			productType = "com.apple.product-type.application";
		};
/* End PBXNativeTarget section */

/* Begin PBXProject section */
		02394B2B25E04B5600FF34A2 /* Project object */ = {
			isa = PBXProject;
			attributes = {
				KnownAssetTags = (
					1,
					2,
				);
				LastSwiftUpdateCheck = 1240;
				LastUpgradeCheck = 1240;
				TargetAttributes = {
					02394B3225E04B5600FF34A2 = {
						CreatedOnToolsVersion = 12.4;
					};
				};
			};
			buildConfigurationList = 02394B2E25E04B5600FF34A2 /* Build configuration list for PBXProject "Assignment2" */;
			compatibilityVersion = "Xcode 9.3";
			developmentRegion = en;
			hasScannedForEncodings = 0;
			knownRegions = (
				en,
				Base,
			);
			mainGroup = 02394B2A25E04B5600FF34A2;
			productRefGroup = 02394B3425E04B5600FF34A2 /* Products */;
			projectDirPath = "";
			projectRoot = "";
			targets = (
				02394B3225E04B5600FF34A2 /* Assignment2 */,
			);
		};
/* End PBXProject section */

/* Begin PBXResourcesBuildPhase section */
		02394B3125E04B5600FF34A2 /* Resources */ = {
			isa = PBXResourcesBuildPhase;
			buildActionMask = 2147483647;
			files = (
				02394B4325E04B5700FF34A2 /* Assets.xcassets in Resources */,
				02394B3E25E04B5600FF34A2 /* Main.storyboard in Resources */,
			);
			runOnlyForDeploymentPostprocessing = 0;
		};
/* End PBXResourcesBuildPhase section */

/* Begin PBXSourcesBuildPhase section */
		02394B2F25E04B5600FF34A2 /* Sources */ = {
			isa = PBXSourcesBuildPhase;
			buildActionMask = 2147483647;
			files = (
				02394B3B25E04B5600FF34A2 /* ViewController.swift in Sources */,
				02394B3725E04B5600FF34A2 /* AppDelegate.swift in Sources */,
				02394B5125E082FC00FF34A2 /* Order.swift in Sources */,
				02394B5B25E0D49500FF34A2 /* TableView.swift in Sources */,
				1B5CE43426106929008B5EED /* DatabaseHelper.swift in Sources */,
				02394B5E25E0D4D400FF34A2 /* CellView.swift in Sources */,
				02394B3925E04B5600FF34A2 /* SceneDelegate.swift in Sources */,
				02394B4125E04B5600FF34A2 /* OrderModel.xcdatamodeld in Sources */,
			);
			runOnlyForDeploymentPostprocessing = 0;
		};
/* End PBXSourcesBuildPhase section */

/* Begin PBXVariantGroup section */
		02394B3C25E04B5600FF34A2 /* Main.storyboard */ = {
			isa = PBXVariantGroup;
			children = (
				02394B3D25E04B5600FF34A2 /* Base */,
			);
			name = Main.storyboard;
			sourceTree = "<group>";
		};
/* End PBXVariantGroup section */

/* Begin XCBuildConfiguration section */
		02394B4825E04B5700FF34A2 /* Debug */ = {
			isa = XCBuildConfiguration;
			buildSettings = {
				ALWAYS_SEARCH_USER_PATHS = NO;
				CLANG_ANALYZER_NONNULL = YES;
				CLANG_ANALYZER_NUMBER_OBJECT_CONVERSION = YES_AGGRESSIVE;
				CLANG_CXX_LANGUAGE_STANDARD = "gnu++14";
				CLANG_CXX_LIBRARY = "libc++";
				CLANG_ENABLE_MODULES = YES;
				CLANG_ENABLE_OBJC_ARC = YES;
				CLANG_ENABLE_OBJC_WEAK = YES;
				CLANG_WARN_BLOCK_CAPTURE_AUTORELEASING = YES;
				CLANG_WARN_BOOL_CONVERSION = YES;
				CLANG_WARN_COMMA = YES;
				CLANG_WARN_CONSTANT_CONVERSION = YES;
				CLANG_WARN_DEPRECATED_OBJC_IMPLEMENTATIONS = YES;
				CLANG_WARN_DIRECT_OBJC_ISA_USAGE = YES_ERROR;
				CLANG_WARN_DOCUMENTATION_COMMENTS = YES;
				CLANG_WARN_EMPTY_BODY = YES;
				CLANG_WARN_ENUM_CONVERSION = YES;
				CLANG_WARN_INFINITE_RECURSION = YES;
				CLANG_WARN_INT_CONVERSION = YES;
				CLANG_WARN_NON_LITERAL_NULL_CONVERSION = YES;
				CLANG_WARN_OBJC_IMPLICIT_RETAIN_SELF = YES;
				CLANG_WARN_OBJC_LITERAL_CONVERSION = YES;
				CLANG_WARN_OBJC_ROOT_CLASS = YES_ERROR;
				CLANG_WARN_QUOTED_INCLUDE_IN_FRAMEWORK_HEADER = YES;
				CLANG_WARN_RANGE_LOOP_ANALYSIS = YES;
				CLANG_WARN_STRICT_PROTOTYPES = YES;
				CLANG_WARN_SUSPICIOUS_MOVE = YES;
				CLANG_WARN_UNGUARDED_AVAILABILITY = YES_AGGRESSIVE;
				CLANG_WARN_UNREACHABLE_CODE = YES;
				CLANG_WARN__DUPLICATE_METHOD_MATCH = YES;
				COPY_PHASE_STRIP = NO;
				DEBUG_INFORMATION_FORMAT = dwarf;
				ENABLE_STRICT_OBJC_MSGSEND = YES;
				ENABLE_TESTABILITY = YES;
				GCC_C_LANGUAGE_STANDARD = gnu11;
				GCC_DYNAMIC_NO_PIC = NO;
				GCC_NO_COMMON_BLOCKS = YES;
				GCC_OPTIMIZATION_LEVEL = 0;
				GCC_PREPROCESSOR_DEFINITIONS = (
					"DEBUG=1",
					"$(inherited)",
				);
				GCC_WARN_64_TO_32_BIT_CONVERSION = YES;
				GCC_WARN_ABOUT_RETURN_TYPE = YES_ERROR;
				GCC_WARN_UNDECLARED_SELECTOR = YES;
				GCC_WARN_UNINITIALIZED_AUTOS = YES_AGGRESSIVE;
				GCC_WARN_UNUSED_FUNCTION = YES;
				GCC_WARN_UNUSED_VARIABLE = YES;
				IPHONEOS_DEPLOYMENT_TARGET = 14.4;
				MTL_ENABLE_DEBUG_INFO = INCLUDE_SOURCE;
				MTL_FAST_MATH = YES;
				ONLY_ACTIVE_ARCH = YES;
				SDKROOT = iphoneos;
				SWIFT_ACTIVE_COMPILATION_CONDITIONS = DEBUG;
				SWIFT_OPTIMIZATION_LEVEL = "-Onone";
			};
			name = Debug;
		};
		02394B4925E04B5700FF34A2 /* Release */ = {
			isa = XCBuildConfiguration;
			buildSettings = {
				ALWAYS_SEARCH_USER_PATHS = NO;
				CLANG_ANALYZER_NONNULL = YES;
				CLANG_ANALYZER_NUMBER_OBJECT_CONVERSION = YES_AGGRESSIVE;
				CLANG_CXX_LANGUAGE_STANDARD = "gnu++14";
				CLANG_CXX_LIBRARY = "libc++";
				CLANG_ENABLE_MODULES = YES;
				CLANG_ENABLE_OBJC_ARC = YES;
				CLANG_ENABLE_OBJC_WEAK = YES;
				CLANG_WARN_BLOCK_CAPTURE_AUTORELEASING = YES;
				CLANG_WARN_BOOL_CONVERSION = YES;
				CLANG_WARN_COMMA = YES;
				CLANG_WARN_CONSTANT_CONVERSION = YES;
				CLANG_WARN_DEPRECATED_OBJC_IMPLEMENTATIONS = YES;
				CLANG_WARN_DIRECT_OBJC_ISA_USAGE = YES_ERROR;
				CLANG_WARN_DOCUMENTATION_COMMENTS = YES;
				CLANG_WARN_EMPTY_BODY = YES;
				CLANG_WARN_ENUM_CONVERSION = YES;
				CLANG_WARN_INFINITE_RECURSION = YES;
				CLANG_WARN_INT_CONVERSION = YES;
				CLANG_WARN_NON_LITERAL_NULL_CONVERSION = YES;
				CLANG_WARN_OBJC_IMPLICIT_RETAIN_SELF = YES;
				CLANG_WARN_OBJC_LITERAL_CONVERSION = YES;
				CLANG_WARN_OBJC_ROOT_CLASS = YES_ERROR;
				CLANG_WARN_QUOTED_INCLUDE_IN_FRAMEWORK_HEADER = YES;
				CLANG_WARN_RANGE_LOOP_ANALYSIS = YES;
				CLANG_WARN_STRICT_PROTOTYPES = YES;
				CLANG_WARN_SUSPICIOUS_MOVE = YES;
				CLANG_WARN_UNGUARDED_AVAILABILITY = YES_AGGRESSIVE;
				CLANG_WARN_UNREACHABLE_CODE = YES;
				CLANG_WARN__DUPLICATE_METHOD_MATCH = YES;
				COPY_PHASE_STRIP = NO;
				DEBUG_INFORMATION_FORMAT = "dwarf-with-dsym";
				ENABLE_NS_ASSERTIONS = NO;
				ENABLE_STRICT_OBJC_MSGSEND = YES;
				GCC_C_LANGUAGE_STANDARD = gnu11;
				GCC_NO_COMMON_BLOCKS = YES;
				GCC_WARN_64_TO_32_BIT_CONVERSION = YES;
				GCC_WARN_ABOUT_RETURN_TYPE = YES_ERROR;
				GCC_WARN_UNDECLARED_SELECTOR = YES;
				GCC_WARN_UNINITIALIZED_AUTOS = YES_AGGRESSIVE;
				GCC_WARN_UNUSED_FUNCTION = YES;
				GCC_WARN_UNUSED_VARIABLE = YES;
				IPHONEOS_DEPLOYMENT_TARGET = 14.4;
				MTL_ENABLE_DEBUG_INFO = NO;
				MTL_FAST_MATH = YES;
				SDKROOT = iphoneos;
				SWIFT_COMPILATION_MODE = wholemodule;
				SWIFT_OPTIMIZATION_LEVEL = "-O";
				VALIDATE_PRODUCT = YES;
			};
			name = Release;
		};
		02394B4B25E04B5700FF34A2 /* Debug */ = {
			isa = XCBuildConfiguration;
			buildSettings = {
				ASSETCATALOG_COMPILER_APPICON_NAME = AppIcon;
				ASSETCATALOG_COMPILER_GLOBAL_ACCENT_COLOR_NAME = AccentColor;
				CODE_SIGN_STYLE = Automatic;
				INFOPLIST_FILE = Assignment2/Info.plist;
				LD_RUNPATH_SEARCH_PATHS = (
					"$(inherited)",
					"@executable_path/Frameworks",
				);
				PRODUCT_BUNDLE_IDENTIFIER = com.rocco.Assignment2;
				PRODUCT_NAME = "$(TARGET_NAME)";
				SWIFT_VERSION = 5.0;
				TARGETED_DEVICE_FAMILY = "1,2";
			};
			name = Debug;
		};
		02394B4C25E04B5700FF34A2 /* Release */ = {
			isa = XCBuildConfiguration;
			buildSettings = {
				ASSETCATALOG_COMPILER_APPICON_NAME = AppIcon;
				ASSETCATALOG_COMPILER_GLOBAL_ACCENT_COLOR_NAME = AccentColor;
				CODE_SIGN_STYLE = Automatic;
				INFOPLIST_FILE = Assignment2/Info.plist;
				LD_RUNPATH_SEARCH_PATHS = (
					"$(inherited)",
					"@executable_path/Frameworks",
				);
				PRODUCT_BUNDLE_IDENTIFIER = com.rocco.Assignment2;
				PRODUCT_NAME = "$(TARGET_NAME)";
				SWIFT_VERSION = 5.0;
				TARGETED_DEVICE_FAMILY = "1,2";
			};
			name = Release;
		};
/* End XCBuildConfiguration section */

/* Begin XCConfigurationList section */
		02394B2E25E04B5600FF34A2 /* Build configuration list for PBXProject "Assignment2" */ = {
			isa = XCConfigurationList;
			buildConfigurations = (
				02394B4825E04B5700FF34A2 /* Debug */,
				02394B4925E04B5700FF34A2 /* Release */,
			);
			defaultConfigurationIsVisible = 0;
			defaultConfigurationName = Release;
		};
		02394B4A25E04B5700FF34A2 /* Build configuration list for PBXNativeTarget "Assignment2" */ = {
			isa = XCConfigurationList;
			buildConfigurations = (
				02394B4B25E04B5700FF34A2 /* Debug */,
				02394B4C25E04B5700FF34A2 /* Release */,
			);
			defaultConfigurationIsVisible = 0;
			defaultConfigurationName = Release;
		};
/* End XCConfigurationList section */

/* Begin XCVersionGroup section */
		02394B3F25E04B5600FF34A2 /* OrderModel.xcdatamodeld */ = {
			isa = XCVersionGroup;
			children = (
				02394B4025E04B5600FF34A2 /* Assignment2.xcdatamodel */,
			);
			currentVersion = 02394B4025E04B5600FF34A2 /* Assignment2.xcdatamodel */;
			path = OrderModel.xcdatamodeld;
			sourceTree = "<group>";
			versionGroupType = wrapper.xcdatamodel;
		};
/* End XCVersionGroup section */
	};
	rootObject = 02394B2B25E04B5600FF34A2 /* Project object */;
}
